PODS:
  - ReactiveCocoa (10.2.0):
    - ReactiveSwift (~> 6.2)
  - ReactiveSwift (6.2.0)
  - ServiceKit (0.1.0):
    - ReactiveSwift

DEPENDENCIES:
  - ReactiveCocoa (~> 10.2)
  - ServiceKit (from `DevelopmentPods/ServiceKit`)

SPEC REPOS:
  trunk:
    - ReactiveCocoa
    - ReactiveSwift

EXTERNAL SOURCES:
  ServiceKit:
    :path: DevelopmentPods/ServiceKit

SPEC CHECKSUMS:
  ReactiveCocoa: a123c42f449c552460a4ee217dd49c76a17c8204
  ReactiveSwift: 3dc8800378110b13d40b46ab362afa9f6bcffc6c
  ServiceKit: 7560df7b884b24074b67805c8f23df0af93816d9

PODFILE CHECKSUM: 84eaa7c355605e57f7157c38c3bc5a321c24ab90

COCOAPODS: 1.8.4
