PODS:
  - APIKit (0.1.0):
    - CoreKit
    - ReactiveSwift
  - CoreKit (0.1.0):
    - ReactiveSwift
  - CoreUIKit (0.1.0):
    - ReactiveCocoa
  - ReactiveCocoa (10.2.0):
    - ReactiveSwift (~> 6.2)
  - ReactiveSwift (6.2.0)
  - ServiceKit (0.1.0):
    - APIKit
    - CoreKit
    - ReactiveSwift

DEPENDENCIES:
  - APIKit (from `DevelopmentPods/APIKit`)
  - CoreKit (from `DevelopmentPods/CoreKit`)
  - CoreUIKit (from `DevelopmentPods/CoreUIKit`)
  - ReactiveCocoa (~> 10.2)
  - ServiceKit (from `DevelopmentPods/ServiceKit`)

SPEC REPOS:
  trunk:
    - ReactiveCocoa
    - ReactiveSwift

EXTERNAL SOURCES:
  APIKit:
    :path: DevelopmentPods/APIKit
  CoreKit:
    :path: DevelopmentPods/CoreKit
  CoreUIKit:
    :path: DevelopmentPods/CoreUIKit
  ServiceKit:
    :path: DevelopmentPods/ServiceKit

SPEC CHECKSUMS:
  APIKit: 3d2e6d0c6a962b575b3ca5dcf66b6c1e0c794d86
  CoreKit: 4ece129f71cf759ff4b0581bcaf16964743efd6b
  CoreUIKit: 2506553b50971c0019ba1819ba5cffd12865e358
  ReactiveCocoa: a123c42f449c552460a4ee217dd49c76a17c8204
  ReactiveSwift: 3dc8800378110b13d40b46ab362afa9f6bcffc6c
  ServiceKit: 1eb7f9839d9e340ee4c807cadabbc13e4512b8ef

PODFILE CHECKSUM: 5df6dbd0ae1f9221720299252cf8b2ab91ea5615

COCOAPODS: 1.8.4
