// !$*UTF8*$!
{
	archiveVersion = 1;
	classes = {
	};
	objectVersion = 51;
	objects = {

/* Begin PBXBuildFile section */
		3145E63023D32FD100226AE3 /* AppDelegate.swift in Sources */ = {isa = PBXBuildFile; fileRef = 3145E62F23D32FD100226AE3 /* AppDelegate.swift */; };
		3145E63423D32FD100226AE3 /* SearchViewController.swift in Sources */ = {isa = PBXBuildFile; fileRef = 3145E63323D32FD100226AE3 /* SearchViewController.swift */; };
		3145E63723D32FD100226AE3 /* Main.storyboard in Resources */ = {isa = PBXBuildFile; fileRef = 3145E63523D32FD100226AE3 /* Main.storyboard */; };
		3145E63923D32FD300226AE3 /* Assets.xcassets in Resources */ = {isa = PBXBuildFile; fileRef = 3145E63823D32FD300226AE3 /* Assets.xcassets */; };
		3145E63C23D32FD300226AE3 /* LaunchScreen.storyboard in Resources */ = {isa = PBXBuildFile; fileRef = 3145E63A23D32FD300226AE3 /* LaunchScreen.storyboard */; };
		3145E64523D336F900226AE3 /* SearchViewModel.swift in Sources */ = {isa = PBXBuildFile; fileRef = 3145E64423D336F900226AE3 /* SearchViewModel.swift */; };
		3145E64723D33BEB00226AE3 /* SearchRouter.swift in Sources */ = {isa = PBXBuildFile; fileRef = 3145E64623D33BEB00226AE3 /* SearchRouter.swift */; };
		3162456C23D62C9800128A9B /* SearchModuleBuilder.swift in Sources */ = {isa = PBXBuildFile; fileRef = 3162456B23D62C9800128A9B /* SearchModuleBuilder.swift */; };
		3162456F23D62EB500128A9B /* DependenciesContainer.swift in Sources */ = {isa = PBXBuildFile; fileRef = 3162456E23D62EB500128A9B /* DependenciesContainer.swift */; };
		3162457A23D79A7D00128A9B /* EventsViewController.swift in Sources */ = {isa = PBXBuildFile; fileRef = 3162457923D79A7D00128A9B /* EventsViewController.swift */; };
		3162457C23D79A9C00128A9B /* EventsViewModel.swift in Sources */ = {isa = PBXBuildFile; fileRef = 3162457B23D79A9C00128A9B /* EventsViewModel.swift */; };
		3162457E23D79ADA00128A9B /* EventsModuleBuilder.swift in Sources */ = {isa = PBXBuildFile; fileRef = 3162457D23D79ADA00128A9B /* EventsModuleBuilder.swift */; };
		BEF793A0957073242CED8E62 /* Pods_MVVMReactiveApp.framework in Frameworks */ = {isa = PBXBuildFile; fileRef = 2F8A67E97AB6C2FEABFB83DB /* Pods_MVVMReactiveApp.framework */; };
/* End PBXBuildFile section */

/* Begin PBXFileReference section */
		2F8A67E97AB6C2FEABFB83DB /* Pods_MVVMReactiveApp.framework */ = {isa = PBXFileReference; explicitFileType = wrapper.framework; includeInIndex = 0; path = Pods_MVVMReactiveApp.framework; sourceTree = BUILT_PRODUCTS_DIR; };
		3145E62C23D32FD100226AE3 /* MVVMReactiveApp.app */ = {isa = PBXFileReference; explicitFileType = wrapper.application; includeInIndex = 0; path = MVVMReactiveApp.app; sourceTree = BUILT_PRODUCTS_DIR; };
		3145E62F23D32FD100226AE3 /* AppDelegate.swift */ = {isa = PBXFileReference; lastKnownFileType = sourcecode.swift; path = AppDelegate.swift; sourceTree = "<group>"; };
		3145E63323D32FD100226AE3 /* SearchViewController.swift */ = {isa = PBXFileReference; lastKnownFileType = sourcecode.swift; path = SearchViewController.swift; sourceTree = "<group>"; };
		3145E63623D32FD100226AE3 /* Base */ = {isa = PBXFileReference; lastKnownFileType = file.storyboard; name = Base; path = Base.lproj/Main.storyboard; sourceTree = "<group>"; };
		3145E63823D32FD300226AE3 /* Assets.xcassets */ = {isa = PBXFileReference; lastKnownFileType = folder.assetcatalog; path = Assets.xcassets; sourceTree = "<group>"; };
		3145E63B23D32FD300226AE3 /* Base */ = {isa = PBXFileReference; lastKnownFileType = file.storyboard; name = Base; path = Base.lproj/LaunchScreen.storyboard; sourceTree = "<group>"; };
		3145E63D23D32FD300226AE3 /* Info.plist */ = {isa = PBXFileReference; lastKnownFileType = text.plist.xml; path = Info.plist; sourceTree = "<group>"; };
		3145E64423D336F900226AE3 /* SearchViewModel.swift */ = {isa = PBXFileReference; lastKnownFileType = sourcecode.swift; path = SearchViewModel.swift; sourceTree = "<group>"; };
		3145E64623D33BEB00226AE3 /* SearchRouter.swift */ = {isa = PBXFileReference; lastKnownFileType = sourcecode.swift; path = SearchRouter.swift; sourceTree = "<group>"; };
		3162456B23D62C9800128A9B /* SearchModuleBuilder.swift */ = {isa = PBXFileReference; lastKnownFileType = sourcecode.swift; path = SearchModuleBuilder.swift; sourceTree = "<group>"; };
		3162456E23D62EB500128A9B /* DependenciesContainer.swift */ = {isa = PBXFileReference; lastKnownFileType = sourcecode.swift; path = DependenciesContainer.swift; sourceTree = "<group>"; };
		3162457923D79A7D00128A9B /* EventsViewController.swift */ = {isa = PBXFileReference; lastKnownFileType = sourcecode.swift; path = EventsViewController.swift; sourceTree = "<group>"; };
		3162457B23D79A9C00128A9B /* EventsViewModel.swift */ = {isa = PBXFileReference; lastKnownFileType = sourcecode.swift; path = EventsViewModel.swift; sourceTree = "<group>"; };
		3162457D23D79ADA00128A9B /* EventsModuleBuilder.swift */ = {isa = PBXFileReference; lastKnownFileType = sourcecode.swift; path = EventsModuleBuilder.swift; sourceTree = "<group>"; };
		50E8D9671AE13B156C1F0921 /* Pods-MVVMReactiveApp.debug.xcconfig */ = {isa = PBXFileReference; includeInIndex = 1; lastKnownFileType = text.xcconfig; name = "Pods-MVVMReactiveApp.debug.xcconfig"; path = "Target Support Files/Pods-MVVMReactiveApp/Pods-MVVMReactiveApp.debug.xcconfig"; sourceTree = "<group>"; };
		F63CA39D6FBD26ACF616A26F /* Pods-MVVMReactiveApp.release.xcconfig */ = {isa = PBXFileReference; includeInIndex = 1; lastKnownFileType = text.xcconfig; name = "Pods-MVVMReactiveApp.release.xcconfig"; path = "Target Support Files/Pods-MVVMReactiveApp/Pods-MVVMReactiveApp.release.xcconfig"; sourceTree = "<group>"; };
/* End PBXFileReference section */

/* Begin PBXFrameworksBuildPhase section */
		3145E62923D32FD100226AE3 /* Frameworks */ = {
			isa = PBXFrameworksBuildPhase;
			buildActionMask = 2147483647;
			files = (
				BEF793A0957073242CED8E62 /* Pods_MVVMReactiveApp.framework in Frameworks */,
			);
			runOnlyForDeploymentPostprocessing = 0;
		};
/* End PBXFrameworksBuildPhase section */

/* Begin PBXGroup section */
		3145E62323D32FD100226AE3 = {
			isa = PBXGroup;
			children = (
				3145E62E23D32FD100226AE3 /* MVVMReactiveApp */,
				3145E62D23D32FD100226AE3 /* Products */,
				9FD0ADD1B052256EE8C01C16 /* Pods */,
				6C5A6E2381C40B2D01B146F4 /* Frameworks */,
			);
			sourceTree = "<group>";
		};
		3145E62D23D32FD100226AE3 /* Products */ = {
			isa = PBXGroup;
			children = (
				3145E62C23D32FD100226AE3 /* MVVMReactiveApp.app */,
			);
			name = Products;
			sourceTree = "<group>";
		};
		3145E62E23D32FD100226AE3 /* MVVMReactiveApp */ = {
			isa = PBXGroup;
			children = (
				3162456D23D62EA500128A9B /* Dependencies */,
				3145E64323D336E200226AE3 /* Search */,
				3162457823D79A4B00128A9B /* Events */,
				3145E62F23D32FD100226AE3 /* AppDelegate.swift */,
				3145E63523D32FD100226AE3 /* Main.storyboard */,
				3145E63823D32FD300226AE3 /* Assets.xcassets */,
				3145E63A23D32FD300226AE3 /* LaunchScreen.storyboard */,
				3145E63D23D32FD300226AE3 /* Info.plist */,
			);
			path = MVVMReactiveApp;
			sourceTree = "<group>";
		};
		3145E64323D336E200226AE3 /* Search */ = {
			isa = PBXGroup;
			children = (
				3162456B23D62C9800128A9B /* SearchModuleBuilder.swift */,
				3145E63323D32FD100226AE3 /* SearchViewController.swift */,
				3145E64423D336F900226AE3 /* SearchViewModel.swift */,
				3145E64623D33BEB00226AE3 /* SearchRouter.swift */,
			);
			path = Search;
			sourceTree = "<group>";
		};
		3162456D23D62EA500128A9B /* Dependencies */ = {
			isa = PBXGroup;
			children = (
				3162456E23D62EB500128A9B /* DependenciesContainer.swift */,
			);
			path = Dependencies;
			sourceTree = "<group>";
		};
		3162457823D79A4B00128A9B /* Events */ = {
			isa = PBXGroup;
			children = (
				3162457D23D79ADA00128A9B /* EventsModuleBuilder.swift */,
				3162457923D79A7D00128A9B /* EventsViewController.swift */,
				3162457B23D79A9C00128A9B /* EventsViewModel.swift */,
			);
			path = Events;
			sourceTree = "<group>";
		};
		6C5A6E2381C40B2D01B146F4 /* Frameworks */ = {
			isa = PBXGroup;
			children = (
				2F8A67E97AB6C2FEABFB83DB /* Pods_MVVMReactiveApp.framework */,
			);
			name = Frameworks;
			sourceTree = "<group>";
		};
		9FD0ADD1B052256EE8C01C16 /* Pods */ = {
			isa = PBXGroup;
			children = (
				50E8D9671AE13B156C1F0921 /* Pods-MVVMReactiveApp.debug.xcconfig */,
				F63CA39D6FBD26ACF616A26F /* Pods-MVVMReactiveApp.release.xcconfig */,
			);
			path = Pods;
			sourceTree = "<group>";
		};
/* End PBXGroup section */

/* Begin PBXNativeTarget section */
		3145E62B23D32FD100226AE3 /* MVVMReactiveApp */ = {
			isa = PBXNativeTarget;
			buildConfigurationList = 3145E64023D32FD300226AE3 /* Build configuration list for PBXNativeTarget "MVVMReactiveApp" */;
			buildPhases = (
				AD08E14B509850DAA62646EF /* [CP] Check Pods Manifest.lock */,
				3145E62823D32FD100226AE3 /* Sources */,
				3162457023D6313700128A9B /* TODO/FIXME Script */,
				3145E62923D32FD100226AE3 /* Frameworks */,
				3145E62A23D32FD100226AE3 /* Resources */,
				91D3D2E042089FBC5F96312F /* [CP] Embed Pods Frameworks */,
			);
			buildRules = (
			);
			dependencies = (
			);
			name = MVVMReactiveApp;
			productName = MVVMReactiveApp;
			productReference = 3145E62C23D32FD100226AE3 /* MVVMReactiveApp.app */;
			productType = "com.apple.product-type.application";
		};
/* End PBXNativeTarget section */

/* Begin PBXProject section */
		3145E62423D32FD100226AE3 /* Project object */ = {
			isa = PBXProject;
			attributes = {
				LastSwiftUpdateCheck = 1130;
				LastUpgradeCheck = 1130;
				ORGANIZATIONNAME = "Andrey Sidorovnin";
				TargetAttributes = {
					3145E62B23D32FD100226AE3 = {
						CreatedOnToolsVersion = 11.3;
					};
				};
			};
			buildConfigurationList = 3145E62723D32FD100226AE3 /* Build configuration list for PBXProject "MVVMReactiveApp" */;
			compatibilityVersion = "Xcode 9.3";
			developmentRegion = en;
			hasScannedForEncodings = 0;
			knownRegions = (
				en,
				Base,
			);
			mainGroup = 3145E62323D32FD100226AE3;
			productRefGroup = 3145E62D23D32FD100226AE3 /* Products */;
			projectDirPath = "";
			projectRoot = "";
			targets = (
				3145E62B23D32FD100226AE3 /* MVVMReactiveApp */,
			);
		};
/* End PBXProject section */

/* Begin PBXResourcesBuildPhase section */
		3145E62A23D32FD100226AE3 /* Resources */ = {
			isa = PBXResourcesBuildPhase;
			buildActionMask = 2147483647;
			files = (
				3145E63C23D32FD300226AE3 /* LaunchScreen.storyboard in Resources */,
				3145E63923D32FD300226AE3 /* Assets.xcassets in Resources */,
				3145E63723D32FD100226AE3 /* Main.storyboard in Resources */,
			);
			runOnlyForDeploymentPostprocessing = 0;
		};
/* End PBXResourcesBuildPhase section */

/* Begin PBXShellScriptBuildPhase section */
		3162457023D6313700128A9B /* TODO/FIXME Script */ = {
			isa = PBXShellScriptBuildPhase;
			buildActionMask = 2147483647;
			files = (
			);
			inputFileListPaths = (
			);
			inputPaths = (
			);
			name = "TODO/FIXME Script";
			outputFileListPaths = (
			);
			outputPaths = (
			);
			runOnlyForDeploymentPostprocessing = 0;
			shellPath = /bin/sh;
			shellScript = "TAGS=\"TODO:|FIXME:\"\nfind \"${SRCROOT}\" \\( -name \"*.h\" -or -name \"*.m\" -or -name \"*.swift\" \\) -not -path \"${SRCROOT}/Pods/*\" -print0 | xargs -0 egrep --with-filename --line-number --only-matching \"($TAGS).*\\$\" | perl -p -e \"s/($TAGS)/ warning: \\$1/\"\n";
		};
		91D3D2E042089FBC5F96312F /* [CP] Embed Pods Frameworks */ = {
			isa = PBXShellScriptBuildPhase;
			buildActionMask = 2147483647;
			files = (
			);
			inputFileListPaths = (
				"${PODS_ROOT}/Target Support Files/Pods-MVVMReactiveApp/Pods-MVVMReactiveApp-frameworks-${CONFIGURATION}-input-files.xcfilelist",
			);
			name = "[CP] Embed Pods Frameworks";
			outputFileListPaths = (
				"${PODS_ROOT}/Target Support Files/Pods-MVVMReactiveApp/Pods-MVVMReactiveApp-frameworks-${CONFIGURATION}-output-files.xcfilelist",
			);
			runOnlyForDeploymentPostprocessing = 0;
			shellPath = /bin/sh;
			shellScript = "\"${PODS_ROOT}/Target Support Files/Pods-MVVMReactiveApp/Pods-MVVMReactiveApp-frameworks.sh\"\n";
			showEnvVarsInLog = 0;
		};
		AD08E14B509850DAA62646EF /* [CP] Check Pods Manifest.lock */ = {
			isa = PBXShellScriptBuildPhase;
			buildActionMask = 2147483647;
			files = (
			);
			inputFileListPaths = (
			);
			inputPaths = (
				"${PODS_PODFILE_DIR_PATH}/Podfile.lock",
				"${PODS_ROOT}/Manifest.lock",
			);
			name = "[CP] Check Pods Manifest.lock";
			outputFileListPaths = (
			);
			outputPaths = (
				"$(DERIVED_FILE_DIR)/Pods-MVVMReactiveApp-checkManifestLockResult.txt",
			);
			runOnlyForDeploymentPostprocessing = 0;
			shellPath = /bin/sh;
			shellScript = "diff \"${PODS_PODFILE_DIR_PATH}/Podfile.lock\" \"${PODS_ROOT}/Manifest.lock\" > /dev/null\nif [ $? != 0 ] ; then\n    # print error to STDERR\n    echo \"error: The sandbox is not in sync with the Podfile.lock. Run 'pod install' or update your CocoaPods installation.\" >&2\n    exit 1\nfi\n# This output is used by Xcode 'outputs' to avoid re-running this script phase.\necho \"SUCCESS\" > \"${SCRIPT_OUTPUT_FILE_0}\"\n";
			showEnvVarsInLog = 0;
		};
/* End PBXShellScriptBuildPhase section */

/* Begin PBXSourcesBuildPhase section */
		3145E62823D32FD100226AE3 /* Sources */ = {
			isa = PBXSourcesBuildPhase;
			buildActionMask = 2147483647;
			files = (
				3162457E23D79ADA00128A9B /* EventsModuleBuilder.swift in Sources */,
				3145E64723D33BEB00226AE3 /* SearchRouter.swift in Sources */,
				3162457C23D79A9C00128A9B /* EventsViewModel.swift in Sources */,
				3145E64523D336F900226AE3 /* SearchViewModel.swift in Sources */,
				3145E63423D32FD100226AE3 /* SearchViewController.swift in Sources */,
				3145E63023D32FD100226AE3 /* AppDelegate.swift in Sources */,
				3162457A23D79A7D00128A9B /* EventsViewController.swift in Sources */,
				3162456F23D62EB500128A9B /* DependenciesContainer.swift in Sources */,
				3162456C23D62C9800128A9B /* SearchModuleBuilder.swift in Sources */,
			);
			runOnlyForDeploymentPostprocessing = 0;
		};
/* End PBXSourcesBuildPhase section */

/* Begin PBXVariantGroup section */
		3145E63523D32FD100226AE3 /* Main.storyboard */ = {
			isa = PBXVariantGroup;
			children = (
				3145E63623D32FD100226AE3 /* Base */,
			);
			name = Main.storyboard;
			sourceTree = "<group>";
		};
		3145E63A23D32FD300226AE3 /* LaunchScreen.storyboard */ = {
			isa = PBXVariantGroup;
			children = (
				3145E63B23D32FD300226AE3 /* Base */,
			);
			name = LaunchScreen.storyboard;
			sourceTree = "<group>";
		};
/* End PBXVariantGroup section */

/* Begin XCBuildConfiguration section */
		3145E63E23D32FD300226AE3 /* Debug */ = {
			isa = XCBuildConfiguration;
			buildSettings = {
				ALWAYS_SEARCH_USER_PATHS = NO;
				CLANG_ANALYZER_NONNULL = YES;
				CLANG_ANALYZER_NUMBER_OBJECT_CONVERSION = YES_AGGRESSIVE;
				CLANG_CXX_LANGUAGE_STANDARD = "gnu++14";
				CLANG_CXX_LIBRARY = "libc++";
				CLANG_ENABLE_MODULES = YES;
				CLANG_ENABLE_OBJC_ARC = YES;
				CLANG_ENABLE_OBJC_WEAK = YES;
				CLANG_WARN_BLOCK_CAPTURE_AUTORELEASING = YES;
				CLANG_WARN_BOOL_CONVERSION = YES;
				CLANG_WARN_COMMA = YES;
				CLANG_WARN_CONSTANT_CONVERSION = YES;
				CLANG_WARN_DEPRECATED_OBJC_IMPLEMENTATIONS = YES;
				CLANG_WARN_DIRECT_OBJC_ISA_USAGE = YES_ERROR;
				CLANG_WARN_DOCUMENTATION_COMMENTS = YES;
				CLANG_WARN_EMPTY_BODY = YES;
				CLANG_WARN_ENUM_CONVERSION = YES;
				CLANG_WARN_INFINITE_RECURSION = YES;
				CLANG_WARN_INT_CONVERSION = YES;
				CLANG_WARN_NON_LITERAL_NULL_CONVERSION = YES;
				CLANG_WARN_OBJC_IMPLICIT_RETAIN_SELF = YES;
				CLANG_WARN_OBJC_LITERAL_CONVERSION = YES;
				CLANG_WARN_OBJC_ROOT_CLASS = YES_ERROR;
				CLANG_WARN_RANGE_LOOP_ANALYSIS = YES;
				CLANG_WARN_STRICT_PROTOTYPES = YES;
				CLANG_WARN_SUSPICIOUS_MOVE = YES;
				CLANG_WARN_UNGUARDED_AVAILABILITY = YES_AGGRESSIVE;
				CLANG_WARN_UNREACHABLE_CODE = YES;
				CLANG_WARN__DUPLICATE_METHOD_MATCH = YES;
				COPY_PHASE_STRIP = NO;
				DEBUG_INFORMATION_FORMAT = dwarf;
				ENABLE_STRICT_OBJC_MSGSEND = YES;
				ENABLE_TESTABILITY = YES;
				GCC_C_LANGUAGE_STANDARD = gnu11;
				GCC_DYNAMIC_NO_PIC = NO;
				GCC_NO_COMMON_BLOCKS = YES;
				GCC_OPTIMIZATION_LEVEL = 0;
				GCC_PREPROCESSOR_DEFINITIONS = (
					"DEBUG=1",
					"$(inherited)",
				);
				GCC_WARN_64_TO_32_BIT_CONVERSION = YES;
				GCC_WARN_ABOUT_RETURN_TYPE = YES_ERROR;
				GCC_WARN_UNDECLARED_SELECTOR = YES;
				GCC_WARN_UNINITIALIZED_AUTOS = YES_AGGRESSIVE;
				GCC_WARN_UNUSED_FUNCTION = YES;
				GCC_WARN_UNUSED_VARIABLE = YES;
				IPHONEOS_DEPLOYMENT_TARGET = 11.0;
				MTL_ENABLE_DEBUG_INFO = INCLUDE_SOURCE;
				MTL_FAST_MATH = YES;
				ONLY_ACTIVE_ARCH = YES;
				SDKROOT = iphoneos;
				SWIFT_ACTIVE_COMPILATION_CONDITIONS = DEBUG;
				SWIFT_OPTIMIZATION_LEVEL = "-Onone";
				SWIFT_VERSION = 5.0;
			};
			name = Debug;
		};
		3145E63F23D32FD300226AE3 /* Release */ = {
			isa = XCBuildConfiguration;
			buildSettings = {
				ALWAYS_SEARCH_USER_PATHS = NO;
				CLANG_ANALYZER_NONNULL = YES;
				CLANG_ANALYZER_NUMBER_OBJECT_CONVERSION = YES_AGGRESSIVE;
				CLANG_CXX_LANGUAGE_STANDARD = "gnu++14";
				CLANG_CXX_LIBRARY = "libc++";
				CLANG_ENABLE_MODULES = YES;
				CLANG_ENABLE_OBJC_ARC = YES;
				CLANG_ENABLE_OBJC_WEAK = YES;
				CLANG_WARN_BLOCK_CAPTURE_AUTORELEASING = YES;
				CLANG_WARN_BOOL_CONVERSION = YES;
				CLANG_WARN_COMMA = YES;
				CLANG_WARN_CONSTANT_CONVERSION = YES;
				CLANG_WARN_DEPRECATED_OBJC_IMPLEMENTATIONS = YES;
				CLANG_WARN_DIRECT_OBJC_ISA_USAGE = YES_ERROR;
				CLANG_WARN_DOCUMENTATION_COMMENTS = YES;
				CLANG_WARN_EMPTY_BODY = YES;
				CLANG_WARN_ENUM_CONVERSION = YES;
				CLANG_WARN_INFINITE_RECURSION = YES;
				CLANG_WARN_INT_CONVERSION = YES;
				CLANG_WARN_NON_LITERAL_NULL_CONVERSION = YES;
				CLANG_WARN_OBJC_IMPLICIT_RETAIN_SELF = YES;
				CLANG_WARN_OBJC_LITERAL_CONVERSION = YES;
				CLANG_WARN_OBJC_ROOT_CLASS = YES_ERROR;
				CLANG_WARN_RANGE_LOOP_ANALYSIS = YES;
				CLANG_WARN_STRICT_PROTOTYPES = YES;
				CLANG_WARN_SUSPICIOUS_MOVE = YES;
				CLANG_WARN_UNGUARDED_AVAILABILITY = YES_AGGRESSIVE;
				CLANG_WARN_UNREACHABLE_CODE = YES;
				CLANG_WARN__DUPLICATE_METHOD_MATCH = YES;
				COPY_PHASE_STRIP = NO;
				DEBUG_INFORMATION_FORMAT = "dwarf-with-dsym";
				ENABLE_NS_ASSERTIONS = NO;
				ENABLE_STRICT_OBJC_MSGSEND = YES;
				GCC_C_LANGUAGE_STANDARD = gnu11;
				GCC_NO_COMMON_BLOCKS = YES;
				GCC_WARN_64_TO_32_BIT_CONVERSION = YES;
				GCC_WARN_ABOUT_RETURN_TYPE = YES_ERROR;
				GCC_WARN_UNDECLARED_SELECTOR = YES;
				GCC_WARN_UNINITIALIZED_AUTOS = YES_AGGRESSIVE;
				GCC_WARN_UNUSED_FUNCTION = YES;
				GCC_WARN_UNUSED_VARIABLE = YES;
				IPHONEOS_DEPLOYMENT_TARGET = 11.0;
				MTL_ENABLE_DEBUG_INFO = NO;
				MTL_FAST_MATH = YES;
				SDKROOT = iphoneos;
				SWIFT_COMPILATION_MODE = wholemodule;
				SWIFT_OPTIMIZATION_LEVEL = "-O";
				SWIFT_VERSION = 5.0;
				VALIDATE_PRODUCT = YES;
			};
			name = Release;
		};
		3145E64123D32FD300226AE3 /* Debug */ = {
			isa = XCBuildConfiguration;
			baseConfigurationReference = 50E8D9671AE13B156C1F0921 /* Pods-MVVMReactiveApp.debug.xcconfig */;
			buildSettings = {
				ASSETCATALOG_COMPILER_APPICON_NAME = AppIcon;
				CODE_SIGN_STYLE = Automatic;
				DEVELOPMENT_TEAM = 7F87L4L827;
				INFOPLIST_FILE = MVVMReactiveApp/Info.plist;
				LD_RUNPATH_SEARCH_PATHS = (
					"$(inherited)",
					"@executable_path/Frameworks",
				);
				PRODUCT_BUNDLE_IDENTIFIER = com.osfalt.MVVMReactiveApp;
				PRODUCT_NAME = "$(TARGET_NAME)";
				TARGETED_DEVICE_FAMILY = "1,2";
			};
			name = Debug;
		};
		3145E64223D32FD300226AE3 /* Release */ = {
			isa = XCBuildConfiguration;
			baseConfigurationReference = F63CA39D6FBD26ACF616A26F /* Pods-MVVMReactiveApp.release.xcconfig */;
			buildSettings = {
				ASSETCATALOG_COMPILER_APPICON_NAME = AppIcon;
				CODE_SIGN_STYLE = Automatic;
				DEVELOPMENT_TEAM = 7F87L4L827;
				INFOPLIST_FILE = MVVMReactiveApp/Info.plist;
				LD_RUNPATH_SEARCH_PATHS = (
					"$(inherited)",
					"@executable_path/Frameworks",
				);
				PRODUCT_BUNDLE_IDENTIFIER = com.osfalt.MVVMReactiveApp;
				PRODUCT_NAME = "$(TARGET_NAME)";
				TARGETED_DEVICE_FAMILY = "1,2";
			};
			name = Release;
		};
/* End XCBuildConfiguration section */

/* Begin XCConfigurationList section */
		3145E62723D32FD100226AE3 /* Build configuration list for PBXProject "MVVMReactiveApp" */ = {
			isa = XCConfigurationList;
			buildConfigurations = (
				3145E63E23D32FD300226AE3 /* Debug */,
				3145E63F23D32FD300226AE3 /* Release */,
			);
			defaultConfigurationIsVisible = 0;
			defaultConfigurationName = Release;
		};
		3145E64023D32FD300226AE3 /* Build configuration list for PBXNativeTarget "MVVMReactiveApp" */ = {
			isa = XCConfigurationList;
			buildConfigurations = (
				3145E64123D32FD300226AE3 /* Debug */,
				3145E64223D32FD300226AE3 /* Release */,
			);
			defaultConfigurationIsVisible = 0;
			defaultConfigurationName = Release;
		};
/* End XCConfigurationList section */
	};
	rootObject = 3145E62423D32FD100226AE3 /* Project object */;
}
